
Microsoft Visual Studio Solution File, Format Version 12.00
# Visual Studio Version 16
VisualStudioVersion = 16.0.30413.136
MinimumVisualStudioVersion = 10.0.40219.1
Project("{FAE04EC0-301F-11D3-BF4B-00C04F79EFBC}") = "CreateTickShiftWithNTDownload", "CreateTickShiftWithNTDownload\CreateTickShiftWithNTDownload.csproj", "{B845CFF6-C578-4903-B595-0082D19F5782}"
EndProject
Global
	GlobalSection(SolutionConfigurationPlatforms) = preSolution
		Debug|Any CPU = Debug|Any CPU
		Release|Any CPU = Release|Any CPU
	EndGlobalSection
	GlobalSection(ProjectConfigurationPlatforms) = postSolution
		{B845CFF6-C578-4903-B595-0082D19F5782}.Debug|Any CPU.ActiveCfg = Debug|Any CPU
		{B845CFF6-C578-4903-B595-0082D19F5782}.Debug|Any CPU.Build.0 = Debug|Any CPU
		{B845CFF6-C578-4903-B595-0082D19F5782}.Release|Any CPU.ActiveCfg = Release|Any CPU
		{B845CFF6-C578-4903-B595-0082D19F5782}.Release|Any CPU.Build.0 = Release|Any CPU
	EndGlobalSection
	GlobalSection(SolutionProperties) = preSolution
		HideSolutionNode = FALSE
	EndGlobalSection
	GlobalSection(ExtensibilityGlobals) = postSolution
		SolutionGuid = {28ECD189-E285-4CBE-BDB4-53927FABED76}
	EndGlobalSection
EndGlobal
